[[package]]
name = "cfg-if"
version = "0.1.6"
source = "registry+https://github.com/rust-lang/crates.io-index"

[[package]]
name = "discovery-wasm"
version = "0.1.0"
dependencies = [
 "wasm-bindgen 0.2.33 (registry+https://github.com/rust-lang/crates.io-index)",
]

[[package]]
name = "lazy_static"
version = "1.2.0"
source = "registry+https://github.com/rust-lang/crates.io-index"

[[package]]
name = "log"
version = "0.4.6"
source = "registry+https://github.com/rust-lang/crates.io-index"
dependencies = [
 "cfg-if 0.1.6 (registry+https://github.com/rust-lang/crates.io-index)",
]

[[package]]
name = "proc-macro2"
version = "0.4.27"
source = "registry+https://github.com/rust-lang/crates.io-index"
dependencies = [
 "unicode-xid 0.1.0 (registry+https://github.com/rust-lang/crates.io-index)",
]

[[package]]
name = "quote"
version = "0.6.11"
source = "registry+https://github.com/rust-lang/crates.io-index"
dependencies = [
 "proc-macro2 0.4.27 (registry+https://github.com/rust-lang/crates.io-index)",
]

[[package]]
name = "syn"
version = "0.15.26"
source = "registry+https://github.com/rust-lang/crates.io-index"
dependencies = [
 "proc-macro2 0.4.27 (registry+https://github.com/rust-lang/crates.io-index)",
 "quote 0.6.11 (registry+https://github.com/rust-lang/crates.io-index)",
 "unicode-xid 0.1.0 (registry+https://github.com/rust-lang/crates.io-index)",
]

[[package]]
name = "unicode-xid"
version = "0.1.0"
source = "registry+https://github.com/rust-lang/crates.io-index"

[[package]]
name = "wasm-bindgen"
version = "0.2.33"
source = "registry+https://github.com/rust-lang/crates.io-index"
dependencies = [
 "wasm-bindgen-macro 0.2.33 (registry+https://github.com/rust-lang/crates.io-index)",
]

[[package]]
name = "wasm-bindgen-backend"
version = "0.2.33"
source = "registry+https://github.com/rust-lang/crates.io-index"
dependencies = [
 "lazy_static 1.2.0 (registry+https://github.com/rust-lang/crates.io-index)",
 "log 0.4.6 (registry+https://github.com/rust-lang/crates.io-index)",
 "proc-macro2 0.4.27 (registry+https://github.com/rust-lang/crates.io-index)",
 "quote 0.6.11 (registry+https://github.com/rust-lang/crates.io-index)",
 "syn 0.15.26 (registry+https://github.com/rust-lang/crates.io-index)",
 "wasm-bindgen-shared 0.2.33 (registry+https://github.com/rust-lang/crates.io-index)",
]

[[package]]
name = "wasm-bindgen-macro"
version = "0.2.33"
source = "registry+https://github.com/rust-lang/crates.io-index"
dependencies = [
 "quote 0.6.11 (registry+https://github.com/rust-lang/crates.io-index)",
 "wasm-bindgen-macro-support 0.2.33 (registry+https://github.com/rust-lang/crates.io-index)",
]

[[package]]
name = "wasm-bindgen-macro-support"
version = "0.2.33"
source = "registry+https://github.com/rust-lang/crates.io-index"
dependencies = [
 "proc-macro2 0.4.27 (registry+https://github.com/rust-lang/crates.io-index)",
 "quote 0.6.11 (registry+https://github.com/rust-lang/crates.io-index)",
 "syn 0.15.26 (registry+https://github.com/rust-lang/crates.io-index)",
 "wasm-bindgen-backend 0.2.33 (registry+https://github.com/rust-lang/crates.io-index)",
 "wasm-bindgen-shared 0.2.33 (registry+https://github.com/rust-lang/crates.io-index)",
]

[[package]]
name = "wasm-bindgen-shared"
version = "0.2.33"
source = "registry+https://github.com/rust-lang/crates.io-index"

[metadata]
"checksum cfg-if 0.1.6 (registry+https://github.com/rust-lang/crates.io-index)" = "082bb9b28e00d3c9d39cc03e64ce4cea0f1bb9b3fde493f0cbc008472d22bdf4"
"checksum lazy_static 1.2.0 (registry+https://github.com/rust-lang/crates.io-index)" = "a374c89b9db55895453a74c1e38861d9deec0b01b405a82516e9d5de4820dea1"
"checksum log 0.4.6 (registry+https://github.com/rust-lang/crates.io-index)" = "c84ec4b527950aa83a329754b01dbe3f58361d1c5efacd1f6d68c494d08a17c6"
"checksum proc-macro2 0.4.27 (registry+https://github.com/rust-lang/crates.io-index)" = "4d317f9caece796be1980837fd5cb3dfec5613ebdb04ad0956deea83ce168915"
"checksum quote 0.6.11 (registry+https://github.com/rust-lang/crates.io-index)" = "cdd8e04bd9c52e0342b406469d494fcb033be4bdbe5c606016defbb1681411e1"
"checksum syn 0.15.26 (registry+https://github.com/rust-lang/crates.io-index)" = "f92e629aa1d9c827b2bb8297046c1ccffc57c99b947a680d3ccff1f136a3bee9"
"checksum unicode-xid 0.1.0 (registry+https://github.com/rust-lang/crates.io-index)" = "fc72304796d0818e357ead4e000d19c9c174ab23dc11093ac919054d20a6a7fc"
"checksum wasm-bindgen 0.2.33 (registry+https://github.com/rust-lang/crates.io-index)" = "2d8c1eb210a0e91e24feb8ccd6f7484a5d442bfdf2ff179204b3a1d16e1029cc"
"checksum wasm-bindgen-backend 0.2.33 (registry+https://github.com/rust-lang/crates.io-index)" = "57ab9a5e88bf5dea5be82bb5f8b68c0f8e550675796ac88570ea4c4e89923413"
"checksum wasm-bindgen-macro 0.2.33 (registry+https://github.com/rust-lang/crates.io-index)" = "52909345426e198a0d34f63526f9f4d86ca50c24b4a22a019d0bc86570ffe1e3"
"checksum wasm-bindgen-macro-support 0.2.33 (registry+https://github.com/rust-lang/crates.io-index)" = "2a130a5906bd540390cda0a28e7f8a2d450222461beb92a5eb5c6a33b8b8bc2a"
"checksum wasm-bindgen-shared 0.2.33 (registry+https://github.com/rust-lang/crates.io-index)" = "9c406cd5b42c36db6f76f17d28bcd26187fd90cda686231f3d04de07a716fc3a"
