# This file is automatically @generated by Cargo.
# It is not intended for manual editing.
version = 3

[[package]]
name = "aligned"
version = "0.2.0"
source = "registry+https://github.com/rust-lang/crates.io-index"
checksum = "d39da9b88ae1a81c03c9c082b8db83f1d0e93914126041962af61034ab44c4a5"

[[package]]
name = "alloc-cortex-m"
version = "0.3.5"
source = "registry+https://github.com/rust-lang/crates.io-index"
checksum = "6d5f7d01bc93ce089de636f946f7f1fdc5e5d751732367e019c9755440e7aef4"
dependencies = [
 "cortex-m 0.1.8",
 "linked_list_allocator",
]

[[package]]
name = "bare-metal"
version = "0.2.4"
source = "registry+https://github.com/rust-lang/crates.io-index"
checksum = "a3caf393d93b2d453e80638d0674597020cef3382ada454faacd43d1a55a735a"
dependencies = [
 "rustc_version",
]

[[package]]
name = "byteorder"
version = "1.3.1"
source = "registry+https://github.com/rust-lang/crates.io-index"
checksum = "a019b10a2a7cdeb292db131fc8113e57ea2a908f6e7894b0c3c671893b65dbeb"

[[package]]
name = "cortex-m"
version = "0.1.8"
source = "registry+https://github.com/rust-lang/crates.io-index"
checksum = "3df5de9a9829f2ccb7defa8945fa020c6614cd2f6ba9b5f33db9241dcc01985e"
dependencies = [
 "volatile-register 0.1.2",
]

[[package]]
name = "cortex-m"
version = "0.5.8"
source = "registry+https://github.com/rust-lang/crates.io-index"
checksum = "dab2164a0fc216781a47fc343347365112ae6917421d3fa4bac6faf0fbaaaec7"
dependencies = [
 "aligned",
 "bare-metal",
 "volatile-register 0.2.0",
]

[[package]]
name = "cortex-m-rt"
version = "0.6.7"
source = "registry+https://github.com/rust-lang/crates.io-index"
checksum = "f69d2beca37acc3776c17201c9d1f8904fb9139fa3a4d2cf28c8436a07b21a88"
dependencies = [
 "cortex-m-rt-macros",
 "r0",
]

[[package]]
name = "cortex-m-rt-macros"
version = "0.1.5"
source = "registry+https://github.com/rust-lang/crates.io-index"
checksum = "d7ae692573e0acccb1579fef1abf5a5bf1d2f3f0149a22b16870ec9309aee25f"
dependencies = [
 "proc-macro2",
 "quote",
 "rand",
 "syn",
]

[[package]]
name = "cortex-m-semihosting"
version = "0.3.2"
source = "registry+https://github.com/rust-lang/crates.io-index"
checksum = "d1dc2abec1a772e8bb697cad17d5710f180043caf8939820f0f6ba4b7ae2a4b5"
dependencies = [
 "cortex-m 0.5.8",
]

[[package]]
name = "generic-array"
version = "0.11.2"
source = "registry+https://github.com/rust-lang/crates.io-index"
checksum = "667f6ea017b297ec65b8a108c6e9ad6879460721fb3b6b23abf690970147fc28"
dependencies = [
 "typenum",
]

[[package]]
name = "hash32"
version = "0.1.0"
source = "registry+https://github.com/rust-lang/crates.io-index"
checksum = "12d790435639c06a7b798af9e1e331ae245b7ef915b92f70a39b4cf8c00686af"
dependencies = [
 "byteorder",
]

[[package]]
name = "heapless"
version = "0.4.2"
source = "git+https://github.com/japaric/heapless#773360b5fd702697866fd20b6ebb245360733d6b"
dependencies = [
 "generic-array",
 "hash32",
]

[[package]]
name = "libm"
version = "0.1.2"
source = "git+https://github.com/kogai/libm#46c84888367f8b0b19cbb6cae5a142b0d4dce22f"

[[package]]
name = "linked_list_allocator"
version = "0.6.3"
source = "registry+https://github.com/rust-lang/crates.io-index"
checksum = "655d57c71827fe0891ce72231b6aa5e14033dae3f604609e6a6f807267c1678d"

[[package]]
name = "panic-halt"
version = "0.2.0"
source = "registry+https://github.com/rust-lang/crates.io-index"
checksum = "de96540e0ebde571dc55c73d60ef407c653844e6f9a1e2fdbd40c07b9252d812"

[[package]]
name = "proc-macro2"
version = "0.4.26"
source = "registry+https://github.com/rust-lang/crates.io-index"
checksum = "38fddd23d98b2144d197c0eca5705632d4fe2667d14a6be5df8934f8d74f1978"
dependencies = [
 "unicode-xid",
]

[[package]]
name = "quote"
version = "0.6.11"
source = "registry+https://github.com/rust-lang/crates.io-index"
checksum = "cdd8e04bd9c52e0342b406469d494fcb033be4bdbe5c606016defbb1681411e1"
dependencies = [
 "proc-macro2",
]

[[package]]
name = "r0"
version = "0.2.2"
source = "registry+https://github.com/rust-lang/crates.io-index"
checksum = "e2a38df5b15c8d5c7e8654189744d8e396bddc18ad48041a500ce52d6948941f"

[[package]]
name = "rand"
version = "0.5.5"
source = "registry+https://github.com/rust-lang/crates.io-index"
checksum = "e464cd887e869cddcae8792a4ee31d23c7edd516700695608f5b98c67ee0131c"
dependencies = [
 "rand_core 0.2.2",
]

[[package]]
name = "rand_core"
version = "0.2.2"
source = "registry+https://github.com/rust-lang/crates.io-index"
checksum = "1961a422c4d189dfb50ffa9320bf1f2a9bd54ecb92792fb9477f99a1045f3372"
dependencies = [
 "rand_core 0.3.0",
]

[[package]]
name = "rand_core"
version = "0.3.0"
source = "registry+https://github.com/rust-lang/crates.io-index"
checksum = "0905b6b7079ec73b314d4c748701f6931eb79fd97c668caa3f1899b22b32c6db"

[[package]]
name = "rustc_version"
version = "0.2.3"
source = "registry+https://github.com/rust-lang/crates.io-index"
checksum = "138e3e0acb6c9fb258b19b67cb8abd63c00679d2851805ea151465464fe9030a"
dependencies = [
 "semver",
]

[[package]]
name = "semver"
version = "0.9.0"
source = "registry+https://github.com/rust-lang/crates.io-index"
checksum = "1d7eb9ef2c18661902cc47e535f9bc51b78acd254da71d375c2f6720d9a40403"
dependencies = [
 "semver-parser",
]

[[package]]
name = "semver-parser"
version = "0.7.0"
source = "registry+https://github.com/rust-lang/crates.io-index"
checksum = "388a1df253eca08550bef6c72392cfe7c30914bf41df5269b68cbd6ff8f570a3"

[[package]]
name = "syn"
version = "0.15.26"
source = "registry+https://github.com/rust-lang/crates.io-index"
checksum = "f92e629aa1d9c827b2bb8297046c1ccffc57c99b947a680d3ccff1f136a3bee9"
dependencies = [
 "proc-macro2",
 "quote",
 "unicode-xid",
]

[[package]]
name = "typenum"
version = "1.10.0"
source = "registry+https://github.com/rust-lang/crates.io-index"
checksum = "612d636f949607bdf9b123b4a6f6d966dedf3ff669f7f045890d3a4a73948169"

[[package]]
name = "unicode-xid"
version = "0.1.0"
source = "registry+https://github.com/rust-lang/crates.io-index"
checksum = "fc72304796d0818e357ead4e000d19c9c174ab23dc11093ac919054d20a6a7fc"

[[package]]
name = "vcell"
version = "0.1.0"
source = "registry+https://github.com/rust-lang/crates.io-index"
checksum = "45c297f0afb6928cd08ab1ff9d95e99392595ea25ae1b5ecf822ff8764e57a0d"

[[package]]
name = "volatile-register"
version = "0.1.2"
source = "registry+https://github.com/rust-lang/crates.io-index"
checksum = "a470889aa8f2d3ad893bd43cd90c824e63e8ac0ee5fe64c5d81a932d184fd549"

[[package]]
name = "volatile-register"
version = "0.2.0"
source = "registry+https://github.com/rust-lang/crates.io-index"
checksum = "0d67cb4616d99b940db1d6bd28844ff97108b498a6ca850e5b6191a532063286"
dependencies = [
 "vcell",
]

[[package]]
name = "wasvm"
version = "0.2.0"
dependencies = [
 "heapless",
 "libm",
]

[[package]]
name = "wasvm-discovery"
version = "0.1.0"
dependencies = [
 "alloc-cortex-m",
 "cortex-m 0.5.8",
 "cortex-m-rt",
 "cortex-m-semihosting",
 "panic-halt",
 "wasvm",
]
